
Microsoft Visual Studio Solution File, Format Version 12.00
# Visual Studio Version 17
VisualStudioVersion = 17.14.37027.9 d17.14
MinimumVisualStudioVersion = 10.0.40219.1
Project("{FAE04EC0-301F-11D3-BF4B-00C04F79EFBC}") = "BooleanLogicAssignment", "BooleanLogicAssignment.csproj", "{5CA2E47E-03DD-449A-952C-0A0FE8328197}"
EndProject
Global
	GlobalSection(SolutionConfigurationPlatforms) = preSolution
		Debug|Any CPU = Debug|Any CPU
		Release|Any CPU = Release|Any CPU
	EndGlobalSection
	GlobalSection(ProjectConfigurationPlatforms) = postSolution
		{5CA2E47E-03DD-449A-952C-0A0FE8328197}.Debug|Any CPU.ActiveCfg = Debug|Any CPU
		{5CA2E47E-03DD-449A-952C-0A0FE8328197}.Debug|Any CPU.Build.0 = Debug|Any CPU
		{5CA2E47E-03DD-449A-952C-0A0FE8328197}.Release|Any CPU.ActiveCfg = Release|Any CPU
		{5CA2E47E-03DD-449A-952C-0A0FE8328197}.Release|Any CPU.Build.0 = Release|Any CPU
	EndGlobalSection
	GlobalSection(SolutionProperties) = preSolution
		HideSolutionNode = FALSE
	EndGlobalSection
	GlobalSection(ExtensibilityGlobals) = postSolution
		SolutionGuid = {3065B128-35C0-4EFE-A38E-872FFB78E1FE}
	EndGlobalSection
EndGlobal
