
Microsoft Visual Studio Solution File, Format Version 12.00
# Visual Studio Version 17
VisualStudioVersion = 17.14.37216.2 d17.14
MinimumVisualStudioVersion = 10.0.40219.1
Project("{FAE04EC0-301F-11D3-BF4B-00C04F79EFBC}") = "AbstractClassProject", "AbstractClassProject.csproj", "{59846362-EFB2-49BA-8722-4ADCB17A6114}"
EndProject
Global
	GlobalSection(SolutionConfigurationPlatforms) = preSolution
		Debug|Any CPU = Debug|Any CPU
		Release|Any CPU = Release|Any CPU
	EndGlobalSection
	GlobalSection(ProjectConfigurationPlatforms) = postSolution
		{59846362-EFB2-49BA-8722-4ADCB17A6114}.Debug|Any CPU.ActiveCfg = Debug|Any CPU
		{59846362-EFB2-49BA-8722-4ADCB17A6114}.Debug|Any CPU.Build.0 = Debug|Any CPU
		{59846362-EFB2-49BA-8722-4ADCB17A6114}.Release|Any CPU.ActiveCfg = Release|Any CPU
		{59846362-EFB2-49BA-8722-4ADCB17A6114}.Release|Any CPU.Build.0 = Release|Any CPU
	EndGlobalSection
	GlobalSection(SolutionProperties) = preSolution
		HideSolutionNode = FALSE
	EndGlobalSection
	GlobalSection(ExtensibilityGlobals) = postSolution
		SolutionGuid = {5AC44548-1186-4B22-9685-D360661CF8ED}
	EndGlobalSection
EndGlobal
