
Microsoft Visual Studio Solution File, Format Version 12.00
# Visual Studio Version 17
VisualStudioVersion = 17.14.37216.2 d17.14
MinimumVisualStudioVersion = 10.0.40219.1
Project("{FAE04EC0-301F-11D3-BF4B-00C04F79EFBC}") = "OperatorsSubmissionProject", "OperatorsSubmissionProject.csproj", "{A0AC861D-16BB-431E-9384-F21C9F7C493D}"
EndProject
Global
	GlobalSection(SolutionConfigurationPlatforms) = preSolution
		Debug|Any CPU = Debug|Any CPU
		Release|Any CPU = Release|Any CPU
	EndGlobalSection
	GlobalSection(ProjectConfigurationPlatforms) = postSolution
		{A0AC861D-16BB-431E-9384-F21C9F7C493D}.Debug|Any CPU.ActiveCfg = Debug|Any CPU
		{A0AC861D-16BB-431E-9384-F21C9F7C493D}.Debug|Any CPU.Build.0 = Debug|Any CPU
		{A0AC861D-16BB-431E-9384-F21C9F7C493D}.Release|Any CPU.ActiveCfg = Release|Any CPU
		{A0AC861D-16BB-431E-9384-F21C9F7C493D}.Release|Any CPU.Build.0 = Release|Any CPU
	EndGlobalSection
	GlobalSection(SolutionProperties) = preSolution
		HideSolutionNode = FALSE
	EndGlobalSection
	GlobalSection(ExtensibilityGlobals) = postSolution
		SolutionGuid = {4CE8EC2D-33E0-40D1-B198-7427284A7BEC}
	EndGlobalSection
EndGlobal
