
Microsoft Visual Studio Solution File, Format Version 12.00
# Visual Studio Version 17
VisualStudioVersion = 17.14.37027.9 d17.14
MinimumVisualStudioVersion = 10.0.40219.1
Project("{FAE04EC0-301F-11D3-BF4B-00C04F79EFBC}") = "BranchingStatementsAssignment", "BranchingStatementsAssignment.csproj", "{D4B80CB1-3787-4E80-8810-80B3DD1C7A2D}"
EndProject
Global
	GlobalSection(SolutionConfigurationPlatforms) = preSolution
		Debug|Any CPU = Debug|Any CPU
		Release|Any CPU = Release|Any CPU
	EndGlobalSection
	GlobalSection(ProjectConfigurationPlatforms) = postSolution
		{D4B80CB1-3787-4E80-8810-80B3DD1C7A2D}.Debug|Any CPU.ActiveCfg = Debug|Any CPU
		{D4B80CB1-3787-4E80-8810-80B3DD1C7A2D}.Debug|Any CPU.Build.0 = Debug|Any CPU
		{D4B80CB1-3787-4E80-8810-80B3DD1C7A2D}.Release|Any CPU.ActiveCfg = Release|Any CPU
		{D4B80CB1-3787-4E80-8810-80B3DD1C7A2D}.Release|Any CPU.Build.0 = Release|Any CPU
	EndGlobalSection
	GlobalSection(SolutionProperties) = preSolution
		HideSolutionNode = FALSE
	EndGlobalSection
	GlobalSection(ExtensibilityGlobals) = postSolution
		SolutionGuid = {DCA3D390-81BC-4B22-9DC0-F18BE0FBBBA8}
	EndGlobalSection
EndGlobal
