
Microsoft Visual Studio Solution File, Format Version 12.00
# Visual Studio Version 17
VisualStudioVersion = 17.14.37027.9 d17.14
MinimumVisualStudioVersion = 10.0.40219.1
Project("{FAE04EC0-301F-11D3-BF4B-00C04F79EFBC}") = "CallingMethodsProject", "CallingMethodsProject.csproj", "{EAFADBED-2651-4263-B268-DD176C9AA0EA}"
EndProject
Global
	GlobalSection(SolutionConfigurationPlatforms) = preSolution
		Debug|Any CPU = Debug|Any CPU
		Release|Any CPU = Release|Any CPU
	EndGlobalSection
	GlobalSection(ProjectConfigurationPlatforms) = postSolution
		{EAFADBED-2651-4263-B268-DD176C9AA0EA}.Debug|Any CPU.ActiveCfg = Debug|Any CPU
		{EAFADBED-2651-4263-B268-DD176C9AA0EA}.Debug|Any CPU.Build.0 = Debug|Any CPU
		{EAFADBED-2651-4263-B268-DD176C9AA0EA}.Release|Any CPU.ActiveCfg = Release|Any CPU
		{EAFADBED-2651-4263-B268-DD176C9AA0EA}.Release|Any CPU.Build.0 = Release|Any CPU
	EndGlobalSection
	GlobalSection(SolutionProperties) = preSolution
		HideSolutionNode = FALSE
	EndGlobalSection
	GlobalSection(ExtensibilityGlobals) = postSolution
		SolutionGuid = {87502601-317D-4438-AF12-7C80859E3422}
	EndGlobalSection
EndGlobal
