
Microsoft Visual Studio Solution File, Format Version 12.00
# Visual Studio Version 17
VisualStudioVersion = 17.14.37216.2 d17.14
MinimumVisualStudioVersion = 10.0.40219.1
Project("{FAE04EC0-301F-11D3-BF4B-00C04F79EFBC}") = "ClassSubmissionProject", "ClassSubmissionProject.csproj", "{B6B70442-ABF7-42D7-BAD8-25AA7E128EED}"
EndProject
Global
	GlobalSection(SolutionConfigurationPlatforms) = preSolution
		Debug|Any CPU = Debug|Any CPU
		Release|Any CPU = Release|Any CPU
	EndGlobalSection
	GlobalSection(ProjectConfigurationPlatforms) = postSolution
		{B6B70442-ABF7-42D7-BAD8-25AA7E128EED}.Debug|Any CPU.ActiveCfg = Debug|Any CPU
		{B6B70442-ABF7-42D7-BAD8-25AA7E128EED}.Debug|Any CPU.Build.0 = Debug|Any CPU
		{B6B70442-ABF7-42D7-BAD8-25AA7E128EED}.Release|Any CPU.ActiveCfg = Release|Any CPU
		{B6B70442-ABF7-42D7-BAD8-25AA7E128EED}.Release|Any CPU.Build.0 = Release|Any CPU
	EndGlobalSection
	GlobalSection(SolutionProperties) = preSolution
		HideSolutionNode = FALSE
	EndGlobalSection
	GlobalSection(ExtensibilityGlobals) = postSolution
		SolutionGuid = {613550C6-CF8B-4AA2-A306-02C4C0312CF8}
	EndGlobalSection
EndGlobal
